
Microsoft Visual Studio Solution File, Format Version 12.00
# Visual Studio Version 17
VisualStudioVersion = 17.8.34408.163
MinimumVisualStudioVersion = 10.0.40219.1
Project("{8BC9CEB8-8B4A-11D0-8D11-00A0C91BC942}") = "NoLinkedinHotkey", "NoLinkedinHotkey.vcxproj", "{1C94A500-E168-4FE4-8B5F-C131C28A4609}"
EndProject
Global
	GlobalSection(SolutionConfigurationPlatforms) = preSolution
		Debug|x64 = Debug|x64
		Debug|x86 = Debug|x86
		Release|x64 = Release|x64
		Release|x86 = Release|x86
	EndGlobalSection
	GlobalSection(ProjectConfigurationPlatforms) = postSolution
		{1C94A500-E168-4FE4-8B5F-C131C28A4609}.Debug|x64.ActiveCfg = Debug|x64
		{1C94A500-E168-4FE4-8B5F-C131C28A4609}.Debug|x64.Build.0 = Debug|x64
		{1C94A500-E168-4FE4-8B5F-C131C28A4609}.Debug|x86.ActiveCfg = Debug|Win32
		{1C94A500-E168-4FE4-8B5F-C131C28A4609}.Debug|x86.Build.0 = Debug|Win32
		{1C94A500-E168-4FE4-8B5F-C131C28A4609}.Release|x64.ActiveCfg = Release|x64
		{1C94A500-E168-4FE4-8B5F-C131C28A4609}.Release|x64.Build.0 = Release|x64
		{1C94A500-E168-4FE4-8B5F-C131C28A4609}.Release|x86.ActiveCfg = Release|Win32
		{1C94A500-E168-4FE4-8B5F-C131C28A4609}.Release|x86.Build.0 = Release|Win32
	EndGlobalSection
	GlobalSection(SolutionProperties) = preSolution
		HideSolutionNode = FALSE
	EndGlobalSection
	GlobalSection(ExtensibilityGlobals) = postSolution
		SolutionGuid = {9936E9B8-4DA1-4E6D-B6D2-810C19D75214}
	EndGlobalSection
EndGlobal
